// !$*UTF8*$!
{
	archiveVersion = 1;
	classes = {
	};
	objectVersion = 56;
	objects = {

/* Begin PBXBuildFile section */
		F20760F62A5D80E10084AE32 /* SDWebImageSwiftUI in Frameworks */ = {isa = PBXBuildFile; productRef = F20760F52A5D80E10084AE32 /* SDWebImageSwiftUI */; };
		F20760F82A5D81940084AE32 /* NetworkManager.swift in Sources */ = {isa = PBXBuildFile; fileRef = F20760F72A5D81940084AE32 /* NetworkManager.swift */; };
		F27493BD2A5C5BAE002D6507 /* APINewYorkTimesApp.swift in Sources */ = {isa = PBXBuildFile; fileRef = F27493BC2A5C5BAE002D6507 /* APINewYorkTimesApp.swift */; };
		F27493BF2A5C5BAE002D6507 /* ContentView.swift in Sources */ = {isa = PBXBuildFile; fileRef = F27493BE2A5C5BAE002D6507 /* ContentView.swift */; };
		F27493C12A5C5BB0002D6507 /* Assets.xcassets in Resources */ = {isa = PBXBuildFile; fileRef = F27493C02A5C5BB0002D6507 /* Assets.xcassets */; };
		F27493C42A5C5BB0002D6507 /* Preview Assets.xcassets in Resources */ = {isa = PBXBuildFile; fileRef = F27493C32A5C5BB0002D6507 /* Preview Assets.xcassets */; };
		F27493CD2A5C5F87002D6507 /* Book.swift in Sources */ = {isa = PBXBuildFile; fileRef = F27493CC2A5C5F87002D6507 /* Book.swift */; };
		F27493CF2A5C5FEB002D6507 /* Home.swift in Sources */ = {isa = PBXBuildFile; fileRef = F27493CE2A5C5FEB002D6507 /* Home.swift */; };
/* End PBXBuildFile section */

/* Begin PBXFileReference section */
		F20760F72A5D81940084AE32 /* NetworkManager.swift */ = {isa = PBXFileReference; lastKnownFileType = sourcecode.swift; path = NetworkManager.swift; sourceTree = "<group>"; };
		F27493B92A5C5BAE002D6507 /* APINewYorkTimes.app */ = {isa = PBXFileReference; explicitFileType = wrapper.application; includeInIndex = 0; path = APINewYorkTimes.app; sourceTree = BUILT_PRODUCTS_DIR; };
		F27493BC2A5C5BAE002D6507 /* APINewYorkTimesApp.swift */ = {isa = PBXFileReference; lastKnownFileType = sourcecode.swift; path = APINewYorkTimesApp.swift; sourceTree = "<group>"; };
		F27493BE2A5C5BAE002D6507 /* ContentView.swift */ = {isa = PBXFileReference; lastKnownFileType = sourcecode.swift; path = ContentView.swift; sourceTree = "<group>"; };
		F27493C02A5C5BB0002D6507 /* Assets.xcassets */ = {isa = PBXFileReference; lastKnownFileType = folder.assetcatalog; path = Assets.xcassets; sourceTree = "<group>"; };
		F27493C32A5C5BB0002D6507 /* Preview Assets.xcassets */ = {isa = PBXFileReference; lastKnownFileType = folder.assetcatalog; path = "Preview Assets.xcassets"; sourceTree = "<group>"; };
		F27493CC2A5C5F87002D6507 /* Book.swift */ = {isa = PBXFileReference; lastKnownFileType = sourcecode.swift; path = Book.swift; sourceTree = "<group>"; };
		F27493CE2A5C5FEB002D6507 /* Home.swift */ = {isa = PBXFileReference; lastKnownFileType = sourcecode.swift; path = Home.swift; sourceTree = "<group>"; };
/* End PBXFileReference section */

/* Begin PBXFrameworksBuildPhase section */
		F27493B62A5C5BAE002D6507 /* Frameworks */ = {
			isa = PBXFrameworksBuildPhase;
			buildActionMask = 2147483647;
			files = (
				F20760F62A5D80E10084AE32 /* SDWebImageSwiftUI in Frameworks */,
			);
			runOnlyForDeploymentPostprocessing = 0;
		};
/* End PBXFrameworksBuildPhase section */

/* Begin PBXGroup section */
		F27493B02A5C5BAE002D6507 = {
			isa = PBXGroup;
			children = (
				F27493BB2A5C5BAE002D6507 /* APINewYorkTimes */,
				F27493BA2A5C5BAE002D6507 /* Products */,
			);
			sourceTree = "<group>";
		};
		F27493BA2A5C5BAE002D6507 /* Products */ = {
			isa = PBXGroup;
			children = (
				F27493B92A5C5BAE002D6507 /* APINewYorkTimes.app */,
			);
			name = Products;
			sourceTree = "<group>";
		};
		F27493BB2A5C5BAE002D6507 /* APINewYorkTimes */ = {
			isa = PBXGroup;
			children = (
				F27493BC2A5C5BAE002D6507 /* APINewYorkTimesApp.swift */,
				F20760F72A5D81940084AE32 /* NetworkManager.swift */,
				F27493CB2A5C5F74002D6507 /* View */,
				F27493CA2A5C5F66002D6507 /* Models */,
				F27493C02A5C5BB0002D6507 /* Assets.xcassets */,
				F27493C22A5C5BB0002D6507 /* Preview Content */,
			);
			path = APINewYorkTimes;
			sourceTree = "<group>";
		};
		F27493C22A5C5BB0002D6507 /* Preview Content */ = {
			isa = PBXGroup;
			children = (
				F27493C32A5C5BB0002D6507 /* Preview Assets.xcassets */,
			);
			path = "Preview Content";
			sourceTree = "<group>";
		};
		F27493CA2A5C5F66002D6507 /* Models */ = {
			isa = PBXGroup;
			children = (
				F27493CC2A5C5F87002D6507 /* Book.swift */,
			);
			path = Models;
			sourceTree = "<group>";
		};
		F27493CB2A5C5F74002D6507 /* View */ = {
			isa = PBXGroup;
			children = (
				F27493CE2A5C5FEB002D6507 /* Home.swift */,
				F27493BE2A5C5BAE002D6507 /* ContentView.swift */,
			);
			path = View;
			sourceTree = "<group>";
		};
/* End PBXGroup section */

/* Begin PBXNativeTarget section */
		F27493B82A5C5BAE002D6507 /* APINewYorkTimes */ = {
			isa = PBXNativeTarget;
			buildConfigurationList = F27493C72A5C5BB0002D6507 /* Build configuration list for PBXNativeTarget "APINewYorkTimes" */;
			buildPhases = (
				F27493B52A5C5BAE002D6507 /* Sources */,
				F27493B62A5C5BAE002D6507 /* Frameworks */,
				F27493B72A5C5BAE002D6507 /* Resources */,
			);
			buildRules = (
			);
			dependencies = (
			);
			name = APINewYorkTimes;
			packageProductDependencies = (
				F20760F52A5D80E10084AE32 /* SDWebImageSwiftUI */,
			);
			productName = APINewYorkTimes;
			productReference = F27493B92A5C5BAE002D6507 /* APINewYorkTimes.app */;
			productType = "com.apple.product-type.application";
		};
/* End PBXNativeTarget section */

/* Begin PBXProject section */
		F27493B12A5C5BAE002D6507 /* Project object */ = {
			isa = PBXProject;
			attributes = {
				BuildIndependentTargetsInParallel = 1;
				LastSwiftUpdateCheck = 1430;
				LastUpgradeCheck = 1430;
				TargetAttributes = {
					F27493B82A5C5BAE002D6507 = {
						CreatedOnToolsVersion = 14.3.1;
					};
				};
			};
			buildConfigurationList = F27493B42A5C5BAE002D6507 /* Build configuration list for PBXProject "APINewYorkTimes" */;
			compatibilityVersion = "Xcode 14.0";
			developmentRegion = en;
			hasScannedForEncodings = 0;
			knownRegions = (
				en,
				Base,
			);
			mainGroup = F27493B02A5C5BAE002D6507;
			packageReferences = (
				F20760F42A5D80E10084AE32 /* XCRemoteSwiftPackageReference "SDWebImageSwiftUI" */,
			);
			productRefGroup = F27493BA2A5C5BAE002D6507 /* Products */;
			projectDirPath = "";
			projectRoot = "";
			targets = (
				F27493B82A5C5BAE002D6507 /* APINewYorkTimes */,
			);
		};
/* End PBXProject section */

/* Begin PBXResourcesBuildPhase section */
		F27493B72A5C5BAE002D6507 /* Resources */ = {
			isa = PBXResourcesBuildPhase;
			buildActionMask = 2147483647;
			files = (
				F27493C42A5C5BB0002D6507 /* Preview Assets.xcassets in Resources */,
				F27493C12A5C5BB0002D6507 /* Assets.xcassets in Resources */,
			);
			runOnlyForDeploymentPostprocessing = 0;
		};
/* End PBXResourcesBuildPhase section */

/* Begin PBXSourcesBuildPhase section */
		F27493B52A5C5BAE002D6507 /* Sources */ = {
			isa = PBXSourcesBuildPhase;
			buildActionMask = 2147483647;
			files = (
				F27493BF2A5C5BAE002D6507 /* ContentView.swift in Sources */,
				F27493BD2A5C5BAE002D6507 /* APINewYorkTimesApp.swift in Sources */,
				F20760F82A5D81940084AE32 /* NetworkManager.swift in Sources */,
				F27493CF2A5C5FEB002D6507 /* Home.swift in Sources */,
				F27493CD2A5C5F87002D6507 /* Book.swift in Sources */,
			);
			runOnlyForDeploymentPostprocessing = 0;
		};
/* End PBXSourcesBuildPhase section */

/* Begin XCBuildConfiguration section */
		F27493C52A5C5BB0002D6507 /* Debug */ = {
			isa = XCBuildConfiguration;
			buildSettings = {
				ALWAYS_SEARCH_USER_PATHS = NO;
				CLANG_ANALYZER_NONNULL = YES;
				CLANG_ANALYZER_NUMBER_OBJECT_CONVERSION = YES_AGGRESSIVE;
				CLANG_CXX_LANGUAGE_STANDARD = "gnu++20";
				CLANG_ENABLE_MODULES = YES;
				CLANG_ENABLE_OBJC_ARC = YES;
				CLANG_ENABLE_OBJC_WEAK = YES;
				CLANG_WARN_BLOCK_CAPTURE_AUTORELEASING = YES;
				CLANG_WARN_BOOL_CONVERSION = YES;
				CLANG_WARN_COMMA = YES;
				CLANG_WARN_CONSTANT_CONVERSION = YES;
				CLANG_WARN_DEPRECATED_OBJC_IMPLEMENTATIONS = YES;
				CLANG_WARN_DIRECT_OBJC_ISA_USAGE = YES_ERROR;
				CLANG_WARN_DOCUMENTATION_COMMENTS = YES;
				CLANG_WARN_EMPTY_BODY = YES;
				CLANG_WARN_ENUM_CONVERSION = YES;
				CLANG_WARN_INFINITE_RECURSION = YES;
				CLANG_WARN_INT_CONVERSION = YES;
				CLANG_WARN_NON_LITERAL_NULL_CONVERSION = YES;
				CLANG_WARN_OBJC_IMPLICIT_RETAIN_SELF = YES;
				CLANG_WARN_OBJC_LITERAL_CONVERSION = YES;
				CLANG_WARN_OBJC_ROOT_CLASS = YES_ERROR;
				CLANG_WARN_QUOTED_INCLUDE_IN_FRAMEWORK_HEADER = YES;
				CLANG_WARN_RANGE_LOOP_ANALYSIS = YES;
				CLANG_WARN_STRICT_PROTOTYPES = YES;
				CLANG_WARN_SUSPICIOUS_MOVE = YES;
				CLANG_WARN_UNGUARDED_AVAILABILITY = YES_AGGRESSIVE;
				CLANG_WARN_UNREACHABLE_CODE = YES;
				CLANG_WARN__DUPLICATE_METHOD_MATCH = YES;
				COPY_PHASE_STRIP = NO;
				DEBUG_INFORMATION_FORMAT = dwarf;
				ENABLE_STRICT_OBJC_MSGSEND = YES;
				ENABLE_TESTABILITY = YES;
				GCC_C_LANGUAGE_STANDARD = gnu11;
				GCC_DYNAMIC_NO_PIC = NO;
				GCC_NO_COMMON_BLOCKS = YES;
				GCC_OPTIMIZATION_LEVEL = 0;
				GCC_PREPROCESSOR_DEFINITIONS = (
					"DEBUG=1",
					"$(inherited)",
				);
				GCC_WARN_64_TO_32_BIT_CONVERSION = YES;
				GCC_WARN_ABOUT_RETURN_TYPE = YES_ERROR;
				GCC_WARN_UNDECLARED_SELECTOR = YES;
				GCC_WARN_UNINITIALIZED_AUTOS = YES_AGGRESSIVE;
				GCC_WARN_UNUSED_FUNCTION = YES;
				GCC_WARN_UNUSED_VARIABLE = YES;
				IPHONEOS_DEPLOYMENT_TARGET = 16.4;
				MTL_ENABLE_DEBUG_INFO = INCLUDE_SOURCE;
				MTL_FAST_MATH = YES;
				ONLY_ACTIVE_ARCH = YES;
				SDKROOT = iphoneos;
				SWIFT_ACTIVE_COMPILATION_CONDITIONS = DEBUG;
				SWIFT_OPTIMIZATION_LEVEL = "-Onone";
			};
			name = Debug;
		};
		F27493C62A5C5BB0002D6507 /* Release */ = {
			isa = XCBuildConfiguration;
			buildSettings = {
				ALWAYS_SEARCH_USER_PATHS = NO;
				CLANG_ANALYZER_NONNULL = YES;
				CLANG_ANALYZER_NUMBER_OBJECT_CONVERSION = YES_AGGRESSIVE;
				CLANG_CXX_LANGUAGE_STANDARD = "gnu++20";
				CLANG_ENABLE_MODULES = YES;
				CLANG_ENABLE_OBJC_ARC = YES;
				CLANG_ENABLE_OBJC_WEAK = YES;
				CLANG_WARN_BLOCK_CAPTURE_AUTORELEASING = YES;
				CLANG_WARN_BOOL_CONVERSION = YES;
				CLANG_WARN_COMMA = YES;
				CLANG_WARN_CONSTANT_CONVERSION = YES;
				CLANG_WARN_DEPRECATED_OBJC_IMPLEMENTATIONS = YES;
				CLANG_WARN_DIRECT_OBJC_ISA_USAGE = YES_ERROR;
				CLANG_WARN_DOCUMENTATION_COMMENTS = YES;
				CLANG_WARN_EMPTY_BODY = YES;
				CLANG_WARN_ENUM_CONVERSION = YES;
				CLANG_WARN_INFINITE_RECURSION = YES;
				CLANG_WARN_INT_CONVERSION = YES;
				CLANG_WARN_NON_LITERAL_NULL_CONVERSION = YES;
				CLANG_WARN_OBJC_IMPLICIT_RETAIN_SELF = YES;
				CLANG_WARN_OBJC_LITERAL_CONVERSION = YES;
				CLANG_WARN_OBJC_ROOT_CLASS = YES_ERROR;
				CLANG_WARN_QUOTED_INCLUDE_IN_FRAMEWORK_HEADER = YES;
				CLANG_WARN_RANGE_LOOP_ANALYSIS = YES;
				CLANG_WARN_STRICT_PROTOTYPES = YES;
				CLANG_WARN_SUSPICIOUS_MOVE = YES;
				CLANG_WARN_UNGUARDED_AVAILABILITY = YES_AGGRESSIVE;
				CLANG_WARN_UNREACHABLE_CODE = YES;
				CLANG_WARN__DUPLICATE_METHOD_MATCH = YES;
				COPY_PHASE_STRIP = NO;
				DEBUG_INFORMATION_FORMAT = "dwarf-with-dsym";
				ENABLE_NS_ASSERTIONS = NO;
				ENABLE_STRICT_OBJC_MSGSEND = YES;
				GCC_C_LANGUAGE_STANDARD = gnu11;
				GCC_NO_COMMON_BLOCKS = YES;
				GCC_WARN_64_TO_32_BIT_CONVERSION = YES;
				GCC_WARN_ABOUT_RETURN_TYPE = YES_ERROR;
				GCC_WARN_UNDECLARED_SELECTOR = YES;
				GCC_WARN_UNINITIALIZED_AUTOS = YES_AGGRESSIVE;
				GCC_WARN_UNUSED_FUNCTION = YES;
				GCC_WARN_UNUSED_VARIABLE = YES;
				IPHONEOS_DEPLOYMENT_TARGET = 16.4;
				MTL_ENABLE_DEBUG_INFO = NO;
				MTL_FAST_MATH = YES;
				SDKROOT = iphoneos;
				SWIFT_COMPILATION_MODE = wholemodule;
				SWIFT_OPTIMIZATION_LEVEL = "-O";
				VALIDATE_PRODUCT = YES;
			};
			name = Release;
		};
		F27493C82A5C5BB0002D6507 /* Debug */ = {
			isa = XCBuildConfiguration;
			buildSettings = {
				ASSETCATALOG_COMPILER_APPICON_NAME = AppIcon;
				ASSETCATALOG_COMPILER_GLOBAL_ACCENT_COLOR_NAME = AccentColor;
				CODE_SIGN_STYLE = Automatic;
				CURRENT_PROJECT_VERSION = 1;
				DEVELOPMENT_ASSET_PATHS = "\"APINewYorkTimes/Preview Content\"";
				DEVELOPMENT_TEAM = T73BLRAKR5;
				ENABLE_PREVIEWS = YES;
				GENERATE_INFOPLIST_FILE = YES;
				INFOPLIST_KEY_LSApplicationCategoryType = "public.app-category.books";
				INFOPLIST_KEY_UIApplicationSceneManifest_Generation = YES;
				INFOPLIST_KEY_UIApplicationSupportsIndirectInputEvents = YES;
				INFOPLIST_KEY_UILaunchScreen_Generation = YES;
				INFOPLIST_KEY_UISupportedInterfaceOrientations = UIInterfaceOrientationPortrait;
				INFOPLIST_KEY_UISupportedInterfaceOrientations_iPad = "UIInterfaceOrientationLandscapeLeft UIInterfaceOrientationLandscapeRight UIInterfaceOrientationPortrait UIInterfaceOrientationPortraitUpsideDown";
				IPHONEOS_DEPLOYMENT_TARGET = 15.0;
				LD_RUNPATH_SEARCH_PATHS = (
					"$(inherited)",
					"@executable_path/Frameworks",
				);
				MARKETING_VERSION = 1.0;
				PRODUCT_BUNDLE_IDENTIFIER = com.APINewYorkTimes;
				PRODUCT_NAME = "$(TARGET_NAME)";
				SUPPORTED_PLATFORMS = "iphoneos iphonesimulator";
				SUPPORTS_MACCATALYST = NO;
				SUPPORTS_MAC_DESIGNED_FOR_IPHONE_IPAD = NO;
				SWIFT_EMIT_LOC_STRINGS = YES;
				SWIFT_VERSION = 5.0;
				TARGETED_DEVICE_FAMILY = 1;
			};
			name = Debug;
		};
		F27493C92A5C5BB0002D6507 /* Release */ = {
			isa = XCBuildConfiguration;
			buildSettings = {
				ASSETCATALOG_COMPILER_APPICON_NAME = AppIcon;
				ASSETCATALOG_COMPILER_GLOBAL_ACCENT_COLOR_NAME = AccentColor;
				CODE_SIGN_STYLE = Automatic;
				CURRENT_PROJECT_VERSION = 1;
				DEVELOPMENT_ASSET_PATHS = "\"APINewYorkTimes/Preview Content\"";
				DEVELOPMENT_TEAM = T73BLRAKR5;
				ENABLE_PREVIEWS = YES;
				GENERATE_INFOPLIST_FILE = YES;
				INFOPLIST_KEY_LSApplicationCategoryType = "public.app-category.books";
				INFOPLIST_KEY_UIApplicationSceneManifest_Generation = YES;
				INFOPLIST_KEY_UIApplicationSupportsIndirectInputEvents = YES;
				INFOPLIST_KEY_UILaunchScreen_Generation = YES;
				INFOPLIST_KEY_UISupportedInterfaceOrientations = UIInterfaceOrientationPortrait;
				INFOPLIST_KEY_UISupportedInterfaceOrientations_iPad = "UIInterfaceOrientationLandscapeLeft UIInterfaceOrientationLandscapeRight UIInterfaceOrientationPortrait UIInterfaceOrientationPortraitUpsideDown";
				IPHONEOS_DEPLOYMENT_TARGET = 15.0;
				LD_RUNPATH_SEARCH_PATHS = (
					"$(inherited)",
					"@executable_path/Frameworks",
				);
				MARKETING_VERSION = 1.0;
				PRODUCT_BUNDLE_IDENTIFIER = com.APINewYorkTimes;
				PRODUCT_NAME = "$(TARGET_NAME)";
				SUPPORTED_PLATFORMS = "iphoneos iphonesimulator";
				SUPPORTS_MACCATALYST = NO;
				SUPPORTS_MAC_DESIGNED_FOR_IPHONE_IPAD = NO;
				SWIFT_EMIT_LOC_STRINGS = YES;
				SWIFT_VERSION = 5.0;
				TARGETED_DEVICE_FAMILY = 1;
			};
			name = Release;
		};
/* End XCBuildConfiguration section */

/* Begin XCConfigurationList section */
		F27493B42A5C5BAE002D6507 /* Build configuration list for PBXProject "APINewYorkTimes" */ = {
			isa = XCConfigurationList;
			buildConfigurations = (
				F27493C52A5C5BB0002D6507 /* Debug */,
				F27493C62A5C5BB0002D6507 /* Release */,
			);
			defaultConfigurationIsVisible = 0;
			defaultConfigurationName = Release;
		};
		F27493C72A5C5BB0002D6507 /* Build configuration list for PBXNativeTarget "APINewYorkTimes" */ = {
			isa = XCConfigurationList;
			buildConfigurations = (
				F27493C82A5C5BB0002D6507 /* Debug */,
				F27493C92A5C5BB0002D6507 /* Release */,
			);
			defaultConfigurationIsVisible = 0;
			defaultConfigurationName = Release;
		};
/* End XCConfigurationList section */

/* Begin XCRemoteSwiftPackageReference section */
		F20760F42A5D80E10084AE32 /* XCRemoteSwiftPackageReference "SDWebImageSwiftUI" */ = {
			isa = XCRemoteSwiftPackageReference;
			repositoryURL = "https://github.com/SDWebImage/SDWebImageSwiftUI.git";
			requirement = {
				kind = upToNextMajorVersion;
				minimumVersion = 2.0.0;
			};
		};
/* End XCRemoteSwiftPackageReference section */

/* Begin XCSwiftPackageProductDependency section */
		F20760F52A5D80E10084AE32 /* SDWebImageSwiftUI */ = {
			isa = XCSwiftPackageProductDependency;
			package = F20760F42A5D80E10084AE32 /* XCRemoteSwiftPackageReference "SDWebImageSwiftUI" */;
			productName = SDWebImageSwiftUI;
		};
/* End XCSwiftPackageProductDependency section */
	};
	rootObject = F27493B12A5C5BAE002D6507 /* Project object */;
}
